Microsoft Visual Studio Solution File, Format Version 12.00
# Visual Studio Version 17
VisualStudioVersion = 17.5.2.0
MinimumVisualStudioVersion = 10.0.40219.1
Project("{FAE04EC0-301F-11D3-BF4B-00C04F79EFBC}") = "mslearn-functions", "Functions\mslearn-functions.csproj", "{9C02E101-562F-DEBD-B1FB-14E0668ACD34}"
EndProject
Global
	GlobalSection(SolutionConfigurationPlatforms) = preSolution
		Debug|Any CPU = Debug|Any CPU
		Release|Any CPU = Release|Any CPU
	EndGlobalSection
	GlobalSection(ProjectConfigurationPlatforms) = postSolution
		{9C02E101-562F-DEBD-B1FB-14E0668ACD34}.Debug|Any CPU.ActiveCfg = Debug|Any CPU
		{9C02E101-562F-DEBD-B1FB-14E0668ACD34}.Debug|Any CPU.Build.0 = Debug|Any CPU
		{9C02E101-562F-DEBD-B1FB-14E0668ACD34}.Release|Any CPU.ActiveCfg = Release|Any CPU
		{9C02E101-562F-DEBD-B1FB-14E0668ACD34}.Release|Any CPU.Build.0 = Release|Any CPU
	EndGlobalSection
	GlobalSection(SolutionProperties) = preSolution
		HideSolutionNode = FALSE
	EndGlobalSection
	GlobalSection(ExtensibilityGlobals) = postSolution
		SolutionGuid = {EFB180B4-046E-48F7-8065-475518C2F168}
	EndGlobalSection
EndGlobal
